
Microsoft Visual Studio Solution File, Format Version 12.00
# Visual Studio Version 17
VisualStudioVersion = 17.12.35728.132
MinimumVisualStudioVersion = 10.0.40219.1
Project("{2150E333-8FDC-42A3-9474-1A3956D46DE8}") = "ShopManagement", "ShopManagement", "{2F465E0F-3055-441C-BCAB-EBB16B676A74}"
EndProject
Project("{2150E333-8FDC-42A3-9474-1A3956D46DE8}") = "SM.Domain", "SM.Domain", "{978D7E5A-7F69-4CCC-814D-DAF539DA76A5}"
EndProject
Project("{9A19103F-16F7-4668-BE54-9A1E7A4F7556}") = "ShopManagement.Domain", "ShopManagement.Domain\ShopManagement.Domain.csproj", "{AD9F0E34-AD69-4038-B71F-D823CD50EDFC}"
EndProject
Project("{9A19103F-16F7-4668-BE54-9A1E7A4F7556}") = "0_Framework", "0_Framework\0_Framework.csproj", "{AB72DEF3-B594-472E-BEDF-F5357957A44A}"
EndProject
Project("{2150E333-8FDC-42A3-9474-1A3956D46DE8}") = "SM.Application", "SM.Application", "{3EC2962C-5335-424A-ADDC-83759217E584}"
EndProject
Project("{9A19103F-16F7-4668-BE54-9A1E7A4F7556}") = "ShopManagement.Application.Contracts", "ShopManagement.Application.Contracts\ShopManagement.Application.Contracts.csproj", "{92C30E69-E900-47CA-BEB5-48389D0F527D}"
EndProject
Project("{9A19103F-16F7-4668-BE54-9A1E7A4F7556}") = "ShopManagement.Application", "ShopManagement.Application\ShopManagement.Application.csproj", "{CDF59CC7-3181-4DB1-BAAC-315FCCF5742E}"
EndProject
Project("{2150E333-8FDC-42A3-9474-1A3956D46DE8}") = "SM.Infrastructure", "SM.Infrastructure", "{6F0D2F20-CA65-4004-988B-1F4448B957DE}"
EndProject
Project("{9A19103F-16F7-4668-BE54-9A1E7A4F7556}") = "ShopManagement.Infrastructure.EFCore", "ShopManagement.Infrastructure.EFCore\ShopManagement.Infrastructure.EFCore.csproj", "{FC75662C-362C-4290-9E9F-435440FF173F}"
EndProject
Project("{9A19103F-16F7-4668-BE54-9A1E7A4F7556}") = "ShopManagement.Configuration", "ShopManagement.Configuration\ShopManagement.Configuration.csproj", "{216D47D5-72EA-4FE3-86B9-5E219B158515}"
EndProject
Project("{FAE04EC0-301F-11D3-BF4B-00C04F79EFBC}") = "ServiceHost", "ServiceHost\ServiceHost.csproj", "{B9708621-FED0-43B1-BD35-595A7A9B1CC2}"
EndProject
Project("{FAE04EC0-301F-11D3-BF4B-00C04F79EFBC}") = "01_LampshadeQuery", "01_LampshadeQuery\01_LampshadeQuery.csproj", "{DBC3050C-1C03-47D8-967B-DA6D76A32E0C}"
EndProject
Project("{2150E333-8FDC-42A3-9474-1A3956D46DE8}") = "DiscountManagement", "DiscountManagement", "{DE5B0834-A82B-45FF-B922-AE87EFA0AB73}"
EndProject
Project("{2150E333-8FDC-42A3-9474-1A3956D46DE8}") = "DM.Domain", "DM.Domain", "{7B84AB6C-973E-4332-8AB8-AA09376DA989}"
EndProject
Project("{FAE04EC0-301F-11D3-BF4B-00C04F79EFBC}") = "DiscountManagement.Domain", "DiscountManagement.Domain\DiscountManagement.Domain.csproj", "{FD4CE527-61AF-41AA-98F1-52423F62F9B3}"
EndProject
Project("{2150E333-8FDC-42A3-9474-1A3956D46DE8}") = "DM.Application", "DM.Application", "{754FF077-CF88-47CD-A782-CB0FB262ED04}"
EndProject
Project("{FAE04EC0-301F-11D3-BF4B-00C04F79EFBC}") = "DiscountManagement.Contract", "DiscountManagement.Contract\DiscountManagement.Contract.csproj", "{87C2AE1A-2D5D-4983-B579-B748B0480AD5}"
EndProject
Project("{2150E333-8FDC-42A3-9474-1A3956D46DE8}") = "DM.Infrastructure", "DM.Infrastructure", "{7495662E-8D5C-4ECF-BF4D-4FE05EF8DE0C}"
EndProject
Project("{FAE04EC0-301F-11D3-BF4B-00C04F79EFBC}") = "DiscountManager.Infrastructure.EFCore", "DiscountManager.Infrastructure.EFCore\DiscountManager.Infrastructure.EFCore.csproj", "{1BB39C42-EF6E-4E89-81D4-673FB0474819}"
EndProject
Project("{FAE04EC0-301F-11D3-BF4B-00C04F79EFBC}") = "DiscountManager.Application", "DiscountManager.Application\DiscountManager.Application.csproj", "{4926D2D9-9483-4D99-8ADD-A0318C19C568}"
EndProject
Project("{FAE04EC0-301F-11D3-BF4B-00C04F79EFBC}") = "DiscountManagerInfrastructure.Configuration", "DiscountManagerInfrastructure.Configuration\DiscountManagerInfrastructure.Configuration.csproj", "{F0E135F9-F12F-4614-A6B9-250628884CA7}"
EndProject
Project("{2150E333-8FDC-42A3-9474-1A3956D46DE8}") = "InventoryManagement", "InventoryManagement", "{BC5C9211-9176-4CBD-A6D5-52E847C63A8D}"
EndProject
Project("{2150E333-8FDC-42A3-9474-1A3956D46DE8}") = "IM.Domain", "IM.Domain", "{422EA80C-B3E6-4644-877A-1DABE18B92C1}"
EndProject
Project("{FAE04EC0-301F-11D3-BF4B-00C04F79EFBC}") = "InventoryManagement.Domain", "InventoryManagement.Domain\InventoryManagement.Domain.csproj", "{8A8FFC95-182B-406D-9E52-0BE9E536BC28}"
EndProject
Project("{2150E333-8FDC-42A3-9474-1A3956D46DE8}") = "IM.Application", "IM.Application", "{5003BC41-E7F6-410C-833D-A394C4FBF835}"
EndProject
Project("{FAE04EC0-301F-11D3-BF4B-00C04F79EFBC}") = "InventoryManagement.Application.Contract", "InventoryManagemeny.Application.Contract\InventoryManagement.Application.Contract.csproj", "{778C8F15-D10B-4388-882E-3835B36F1536}"
EndProject
Project("{FAE04EC0-301F-11D3-BF4B-00C04F79EFBC}") = "InventoryManagement.Application", "InventoryManagement.Application\InventoryManagement.Application.csproj", "{7E974133-761B-4E88-9199-1011BD28B263}"
EndProject
Project("{2150E333-8FDC-42A3-9474-1A3956D46DE8}") = "IM.Infrastructure", "IM.Infrastructure", "{854CC551-9863-4C57-A372-D80A9176EB2C}"
EndProject
Project("{FAE04EC0-301F-11D3-BF4B-00C04F79EFBC}") = "InventoryManagement.Infrastructure.EFCore", "InventoryManagement.Infrastructure.EFCore\InventoryManagement.Infrastructure.EFCore.csproj", "{22018DDD-A21C-4B0A-9892-BCCBFDD84AF0}"
EndProject
Project("{FAE04EC0-301F-11D3-BF4B-00C04F79EFBC}") = "InventoryManagement.Infrastructure.Configuration", "InventoryManagement.Infrastructure.Configuration\InventoryManagement.Infrastructure.Configuration.csproj", "{9F3E73E5-A762-42C7-B334-46A57960B749}"
EndProject
Project("{2150E333-8FDC-42A3-9474-1A3956D46DE8}") = "BlogManagement", "BlogManagement", "{9675F12C-8FEF-4697-B538-CAB62FF7F484}"
EndProject
Project("{2150E333-8FDC-42A3-9474-1A3956D46DE8}") = "BM.Domain", "BM.Domain", "{7BB85D21-009A-4AC0-A9FC-6DC9C48F18DA}"
EndProject
Project("{2150E333-8FDC-42A3-9474-1A3956D46DE8}") = "BM.Application", "BM.Application", "{5501EF2F-7C32-43B5-979B-18A8F6DC9E36}"
EndProject
Project("{2150E333-8FDC-42A3-9474-1A3956D46DE8}") = "BM.infrastructure", "BM.infrastructure", "{F62601F4-1363-4BEF-AEAE-B21701EE3D23}"
EndProject
Project("{FAE04EC0-301F-11D3-BF4B-00C04F79EFBC}") = "BlogManagement.Domain", "BlogManagement.Domain\BlogManagement.Domain.csproj", "{BE69E0AF-F130-48D0-9452-62CFA2EF8858}"
EndProject
Project("{FAE04EC0-301F-11D3-BF4B-00C04F79EFBC}") = "BlogManagement.Application", "BlogManagement.Application\BlogManagement.Application.csproj", "{DF12B981-DFE6-4A51-BE83-50B91FAAE764}"
EndProject
Project("{FAE04EC0-301F-11D3-BF4B-00C04F79EFBC}") = "BlogManagement.Application.Contract", "BlogManagement.Application.Contract\BlogManagement.Application.Contract.csproj", "{A4DBC0A6-D35C-4037-AD9D-808EF5D31420}"
EndProject
Project("{FAE04EC0-301F-11D3-BF4B-00C04F79EFBC}") = "BlogManagement.Infrastructure.EFCore", "BlogManagement.Infrastructure.EFCore\BlogManagement.Infrastructure.EFCore.csproj", "{8E565CF3-CFAE-4A0B-8087-70F28DA24DDE}"
EndProject
Project("{FAE04EC0-301F-11D3-BF4B-00C04F79EFBC}") = "BlogManagement.Infrastructure.Configuration", "BlogManagement.Infrastructure.Configuration\BlogManagement.Infrastructure.Configuration.csproj", "{8EA50980-DB35-49DE-A18C-0D21D6ED387E}"
EndProject
Project("{2150E333-8FDC-42A3-9474-1A3956D46DE8}") = "CommentManagement", "CommentManagement", "{F90C8AA7-91E6-4CD1-8DD6-A1E902AEF46D}"
EndProject
Project("{2150E333-8FDC-42A3-9474-1A3956D46DE8}") = "CM.Domain", "CM.Domain", "{017B24AF-5522-4D1C-A03F-0F0489125DFD}"
EndProject
Project("{2150E333-8FDC-42A3-9474-1A3956D46DE8}") = "CM.Infrastructure", "CM.Infrastructure", "{D59AD024-BC7D-407A-9550-18EBB3F3D124}"
EndProject
Project("{2150E333-8FDC-42A3-9474-1A3956D46DE8}") = "CM.Application", "CM.Application", "{CA7D1B26-BA16-4DE0-BF23-45B0ADA2559A}"
EndProject
Project("{FAE04EC0-301F-11D3-BF4B-00C04F79EFBC}") = "CommentManagement.Domain", "CommentManagement.Domain\CommentManagement.Domain.csproj", "{631A7604-38AA-4FE4-AC1C-FBD38A3B328E}"
EndProject
Project("{FAE04EC0-301F-11D3-BF4B-00C04F79EFBC}") = "CommentManagement.Application.Contracts", "CommentManagement.Application.Contracts\CommentManagement.Application.Contracts.csproj", "{FC7E0DDA-6238-4CA2-A5C3-D66C1243E063}"
EndProject
Project("{FAE04EC0-301F-11D3-BF4B-00C04F79EFBC}") = "CommentManagement.Application", "CommentManagement.Application\CommentManagement.Application.csproj", "{383AFDED-55B3-48A2-9D1B-6AF1F871799D}"
EndProject
Project("{FAE04EC0-301F-11D3-BF4B-00C04F79EFBC}") = "CommnetManagement.Infrastructure.EFCore", "CommnetManagement.Infrastructure.EFCore\CommnetManagement.Infrastructure.EFCore.csproj", "{5C0C060E-570F-4757-AD8D-33EF19449265}"
EndProject
Project("{FAE04EC0-301F-11D3-BF4B-00C04F79EFBC}") = "CommentManagement.Infrastructure.Configuration", "CommentManagement.Infrastructure.Configuration\CommentManagement.Infrastructure.Configuration.csproj", "{55790277-D68B-4B45-9C94-B16618EC79E5}"
EndProject
Project("{2150E333-8FDC-42A3-9474-1A3956D46DE8}") = "AccountingManagement", "AccountingManagement", "{E77FCB1E-F8CD-4C5E-BC7F-C1E571FB63B5}"
EndProject
Project("{2150E333-8FDC-42A3-9474-1A3956D46DE8}") = "AM.Domain", "AM.Domain", "{7F3C74F5-EB0A-419E-9B16-A51B1BFDC402}"
EndProject
Project("{FAE04EC0-301F-11D3-BF4B-00C04F79EFBC}") = "AccountingManagement.Domain", "AccountingManagement.Domain\AccountingManagement.Domain.csproj", "{F6B71D6C-3E07-4BB5-97E8-004FD82F5F3D}"
EndProject
Project("{2150E333-8FDC-42A3-9474-1A3956D46DE8}") = "AM.Application", "AM.Application", "{B309513B-F313-4A66-984C-777292ED17F9}"
EndProject
Project("{FAE04EC0-301F-11D3-BF4B-00C04F79EFBC}") = "AccountingManagement.Application", "AccountingManagement.Application\AccountingManagement.Application.csproj", "{A9CB6DC2-1F3E-40C5-879A-F81866AF38B6}"
EndProject
Project("{FAE04EC0-301F-11D3-BF4B-00C04F79EFBC}") = "AccountingManagement.Application.Contract", "AccountingManagement.Application.Contract\AccountingManagement.Application.Contract.csproj", "{77DBADA0-48DD-4993-9F99-8864FEF7D19E}"
EndProject
Project("{2150E333-8FDC-42A3-9474-1A3956D46DE8}") = "AM.Infrastructure", "AM.Infrastructure", "{3D0179F8-1560-451A-A7FF-2705C2894A53}"
EndProject
Project("{FAE04EC0-301F-11D3-BF4B-00C04F79EFBC}") = "AccountManagement.Configuration", "AccountManagement.Configuration\AccountManagement.Configuration.csproj", "{9287D22E-651C-4D43-9564-6148752AB634}"
EndProject
Project("{FAE04EC0-301F-11D3-BF4B-00C04F79EFBC}") = "AccountMangement.Infrastructure.EFCore", "AccountMangement.Infrastructure.EFCore\AccountMangement.Infrastructure.EFCore.csproj", "{2936EAD9-088E-4625-9398-659A955062BC}"
EndProject
Project("{FAE04EC0-301F-11D3-BF4B-00C04F79EFBC}") = "ShopManagement.Infrastructure.AccountAcl", "ShopManagement.Infrastructure.AccountAcl\ShopManagement.Infrastructure.AccountAcl.csproj", "{1D4EF590-F29E-43B8-9B7C-D2BBC314A4E4}"
EndProject
Project("{FAE04EC0-301F-11D3-BF4B-00C04F79EFBC}") = "ShopManagement.Infrastructure.InventoryAcl", "ShopManagement.Infrastructure.InventoryAcl\ShopManagement.Infrastructure.InventoryAcl.csproj", "{DB1A7418-94B1-45BE-9727-F2D398A912E3}"
EndProject
Project("{2150E333-8FDC-42A3-9474-1A3956D46DE8}") = "BM.Api", "BM.Api", "{F2130814-BA89-4D1A-B247-B2617C9CC68D}"
EndProject
Project("{FAE04EC0-301F-11D3-BF4B-00C04F79EFBC}") = "BlogManagement.Presentation.Api", "BlogManagement.Presentation.Api\BlogManagement.Presentation.Api.csproj", "{3875FC7E-AD41-49D6-8AF1-B45462F3D5C6}"
EndProject
Project("{2150E333-8FDC-42A3-9474-1A3956D46DE8}") = "IM.Presentattion.Api", "IM.Presentattion.Api", "{2309D520-F708-42AC-A952-A22D662DD3E0}"
EndProject
Project("{FAE04EC0-301F-11D3-BF4B-00C04F79EFBC}") = "InventoryManagement.Api", "InventoryManagement.Api\InventoryManagement.Api.csproj", "{97809098-B744-4811-B433-A39D496EB102}"
EndProject
Project("{2150E333-8FDC-42A3-9474-1A3956D46DE8}") = "SM.Presentation", "SM.Presentation", "{7B6781B2-8478-474A-8BF0-882E2E95AD04}"
EndProject
Project("{FAE04EC0-301F-11D3-BF4B-00C04F79EFBC}") = "ShopManagement.Presentation.Api", "ShopManagement.Presentation.Api\ShopManagement.Presentation.Api.csproj", "{F01BB9A8-E272-4566-A3A7-E9F00DF077F8}"
EndProject
Global
	GlobalSection(SolutionConfigurationPlatforms) = preSolution
		Debug|Any CPU = Debug|Any CPU
		Release|Any CPU = Release|Any CPU
	EndGlobalSection
	GlobalSection(ProjectConfigurationPlatforms) = postSolution
		{AD9F0E34-AD69-4038-B71F-D823CD50EDFC}.Debug|Any CPU.ActiveCfg = Debug|Any CPU
		{AD9F0E34-AD69-4038-B71F-D823CD50EDFC}.Debug|Any CPU.Build.0 = Debug|Any CPU
		{AD9F0E34-AD69-4038-B71F-D823CD50EDFC}.Release|Any CPU.ActiveCfg = Release|Any CPU
		{AD9F0E34-AD69-4038-B71F-D823CD50EDFC}.Release|Any CPU.Build.0 = Release|Any CPU
		{AB72DEF3-B594-472E-BEDF-F5357957A44A}.Debug|Any CPU.ActiveCfg = Debug|Any CPU
		{AB72DEF3-B594-472E-BEDF-F5357957A44A}.Debug|Any CPU.Build.0 = Debug|Any CPU
		{AB72DEF3-B594-472E-BEDF-F5357957A44A}.Release|Any CPU.ActiveCfg = Release|Any CPU
		{AB72DEF3-B594-472E-BEDF-F5357957A44A}.Release|Any CPU.Build.0 = Release|Any CPU
		{92C30E69-E900-47CA-BEB5-48389D0F527D}.Debug|Any CPU.ActiveCfg = Debug|Any CPU
		{92C30E69-E900-47CA-BEB5-48389D0F527D}.Debug|Any CPU.Build.0 = Debug|Any CPU
		{92C30E69-E900-47CA-BEB5-48389D0F527D}.Release|Any CPU.ActiveCfg = Release|Any CPU
		{92C30E69-E900-47CA-BEB5-48389D0F527D}.Release|Any CPU.Build.0 = Release|Any CPU
		{CDF59CC7-3181-4DB1-BAAC-315FCCF5742E}.Debug|Any CPU.ActiveCfg = Debug|Any CPU
		{CDF59CC7-3181-4DB1-BAAC-315FCCF5742E}.Debug|Any CPU.Build.0 = Debug|Any CPU
		{CDF59CC7-3181-4DB1-BAAC-315FCCF5742E}.Release|Any CPU.ActiveCfg = Release|Any CPU
		{CDF59CC7-3181-4DB1-BAAC-315FCCF5742E}.Release|Any CPU.Build.0 = Release|Any CPU
		{FC75662C-362C-4290-9E9F-435440FF173F}.Debug|Any CPU.ActiveCfg = Debug|Any CPU
		{FC75662C-362C-4290-9E9F-435440FF173F}.Debug|Any CPU.Build.0 = Debug|Any CPU
		{FC75662C-362C-4290-9E9F-435440FF173F}.Release|Any CPU.ActiveCfg = Release|Any CPU
		{FC75662C-362C-4290-9E9F-435440FF173F}.Release|Any CPU.Build.0 = Release|Any CPU
		{216D47D5-72EA-4FE3-86B9-5E219B158515}.Debug|Any CPU.ActiveCfg = Debug|Any CPU
		{216D47D5-72EA-4FE3-86B9-5E219B158515}.Debug|Any CPU.Build.0 = Debug|Any CPU
		{216D47D5-72EA-4FE3-86B9-5E219B158515}.Release|Any CPU.ActiveCfg = Release|Any CPU
		{216D47D5-72EA-4FE3-86B9-5E219B158515}.Release|Any CPU.Build.0 = Release|Any CPU
		{B9708621-FED0-43B1-BD35-595A7A9B1CC2}.Debug|Any CPU.ActiveCfg = Debug|Any CPU
		{B9708621-FED0-43B1-BD35-595A7A9B1CC2}.Debug|Any CPU.Build.0 = Debug|Any CPU
		{B9708621-FED0-43B1-BD35-595A7A9B1CC2}.Release|Any CPU.ActiveCfg = Release|Any CPU
		{B9708621-FED0-43B1-BD35-595A7A9B1CC2}.Release|Any CPU.Build.0 = Release|Any CPU
		{DBC3050C-1C03-47D8-967B-DA6D76A32E0C}.Debug|Any CPU.ActiveCfg = Debug|Any CPU
		{DBC3050C-1C03-47D8-967B-DA6D76A32E0C}.Debug|Any CPU.Build.0 = Debug|Any CPU
		{DBC3050C-1C03-47D8-967B-DA6D76A32E0C}.Release|Any CPU.ActiveCfg = Release|Any CPU
		{DBC3050C-1C03-47D8-967B-DA6D76A32E0C}.Release|Any CPU.Build.0 = Release|Any CPU
		{FD4CE527-61AF-41AA-98F1-52423F62F9B3}.Debug|Any CPU.ActiveCfg = Debug|Any CPU
		{FD4CE527-61AF-41AA-98F1-52423F62F9B3}.Debug|Any CPU.Build.0 = Debug|Any CPU
		{FD4CE527-61AF-41AA-98F1-52423F62F9B3}.Release|Any CPU.ActiveCfg = Release|Any CPU
		{FD4CE527-61AF-41AA-98F1-52423F62F9B3}.Release|Any CPU.Build.0 = Release|Any CPU
		{87C2AE1A-2D5D-4983-B579-B748B0480AD5}.Debug|Any CPU.ActiveCfg = Debug|Any CPU
		{87C2AE1A-2D5D-4983-B579-B748B0480AD5}.Debug|Any CPU.Build.0 = Debug|Any CPU
		{87C2AE1A-2D5D-4983-B579-B748B0480AD5}.Release|Any CPU.ActiveCfg = Release|Any CPU
		{87C2AE1A-2D5D-4983-B579-B748B0480AD5}.Release|Any CPU.Build.0 = Release|Any CPU
		{1BB39C42-EF6E-4E89-81D4-673FB0474819}.Debug|Any CPU.ActiveCfg = Debug|Any CPU
		{1BB39C42-EF6E-4E89-81D4-673FB0474819}.Debug|Any CPU.Build.0 = Debug|Any CPU
		{1BB39C42-EF6E-4E89-81D4-673FB0474819}.Release|Any CPU.ActiveCfg = Release|Any CPU
		{1BB39C42-EF6E-4E89-81D4-673FB0474819}.Release|Any CPU.Build.0 = Release|Any CPU
		{4926D2D9-9483-4D99-8ADD-A0318C19C568}.Debug|Any CPU.ActiveCfg = Debug|Any CPU
		{4926D2D9-9483-4D99-8ADD-A0318C19C568}.Debug|Any CPU.Build.0 = Debug|Any CPU
		{4926D2D9-9483-4D99-8ADD-A0318C19C568}.Release|Any CPU.ActiveCfg = Release|Any CPU
		{4926D2D9-9483-4D99-8ADD-A0318C19C568}.Release|Any CPU.Build.0 = Release|Any CPU
		{F0E135F9-F12F-4614-A6B9-250628884CA7}.Debug|Any CPU.ActiveCfg = Debug|Any CPU
		{F0E135F9-F12F-4614-A6B9-250628884CA7}.Debug|Any CPU.Build.0 = Debug|Any CPU
		{F0E135F9-F12F-4614-A6B9-250628884CA7}.Release|Any CPU.ActiveCfg = Release|Any CPU
		{F0E135F9-F12F-4614-A6B9-250628884CA7}.Release|Any CPU.Build.0 = Release|Any CPU
		{8A8FFC95-182B-406D-9E52-0BE9E536BC28}.Debug|Any CPU.ActiveCfg = Debug|Any CPU
		{8A8FFC95-182B-406D-9E52-0BE9E536BC28}.Debug|Any CPU.Build.0 = Debug|Any CPU
		{8A8FFC95-182B-406D-9E52-0BE9E536BC28}.Release|Any CPU.ActiveCfg = Release|Any CPU
		{8A8FFC95-182B-406D-9E52-0BE9E536BC28}.Release|Any CPU.Build.0 = Release|Any CPU
		{778C8F15-D10B-4388-882E-3835B36F1536}.Debug|Any CPU.ActiveCfg = Debug|Any CPU
		{778C8F15-D10B-4388-882E-3835B36F1536}.Debug|Any CPU.Build.0 = Debug|Any CPU
		{778C8F15-D10B-4388-882E-3835B36F1536}.Release|Any CPU.ActiveCfg = Release|Any CPU
		{778C8F15-D10B-4388-882E-3835B36F1536}.Release|Any CPU.Build.0 = Release|Any CPU
		{7E974133-761B-4E88-9199-1011BD28B263}.Debug|Any CPU.ActiveCfg = Debug|Any CPU
		{7E974133-761B-4E88-9199-1011BD28B263}.Debug|Any CPU.Build.0 = Debug|Any CPU
		{7E974133-761B-4E88-9199-1011BD28B263}.Release|Any CPU.ActiveCfg = Release|Any CPU
		{7E974133-761B-4E88-9199-1011BD28B263}.Release|Any CPU.Build.0 = Release|Any CPU
		{22018DDD-A21C-4B0A-9892-BCCBFDD84AF0}.Debug|Any CPU.ActiveCfg = Debug|Any CPU
		{22018DDD-A21C-4B0A-9892-BCCBFDD84AF0}.Debug|Any CPU.Build.0 = Debug|Any CPU
		{22018DDD-A21C-4B0A-9892-BCCBFDD84AF0}.Release|Any CPU.ActiveCfg = Release|Any CPU
		{22018DDD-A21C-4B0A-9892-BCCBFDD84AF0}.Release|Any CPU.Build.0 = Release|Any CPU
		{9F3E73E5-A762-42C7-B334-46A57960B749}.Debug|Any CPU.ActiveCfg = Debug|Any CPU
		{9F3E73E5-A762-42C7-B334-46A57960B749}.Debug|Any CPU.Build.0 = Debug|Any CPU
		{9F3E73E5-A762-42C7-B334-46A57960B749}.Release|Any CPU.ActiveCfg = Release|Any CPU
		{9F3E73E5-A762-42C7-B334-46A57960B749}.Release|Any CPU.Build.0 = Release|Any CPU
		{BE69E0AF-F130-48D0-9452-62CFA2EF8858}.Debug|Any CPU.ActiveCfg = Debug|Any CPU
		{BE69E0AF-F130-48D0-9452-62CFA2EF8858}.Debug|Any CPU.Build.0 = Debug|Any CPU
		{BE69E0AF-F130-48D0-9452-62CFA2EF8858}.Release|Any CPU.ActiveCfg = Release|Any CPU
		{BE69E0AF-F130-48D0-9452-62CFA2EF8858}.Release|Any CPU.Build.0 = Release|Any CPU
		{DF12B981-DFE6-4A51-BE83-50B91FAAE764}.Debug|Any CPU.ActiveCfg = Debug|Any CPU
		{DF12B981-DFE6-4A51-BE83-50B91FAAE764}.Debug|Any CPU.Build.0 = Debug|Any CPU
		{DF12B981-DFE6-4A51-BE83-50B91FAAE764}.Release|Any CPU.ActiveCfg = Release|Any CPU
		{DF12B981-DFE6-4A51-BE83-50B91FAAE764}.Release|Any CPU.Build.0 = Release|Any CPU
		{A4DBC0A6-D35C-4037-AD9D-808EF5D31420}.Debug|Any CPU.ActiveCfg = Debug|Any CPU
		{A4DBC0A6-D35C-4037-AD9D-808EF5D31420}.Debug|Any CPU.Build.0 = Debug|Any CPU
		{A4DBC0A6-D35C-4037-AD9D-808EF5D31420}.Release|Any CPU.ActiveCfg = Release|Any CPU
		{A4DBC0A6-D35C-4037-AD9D-808EF5D31420}.Release|Any CPU.Build.0 = Release|Any CPU
		{8E565CF3-CFAE-4A0B-8087-70F28DA24DDE}.Debug|Any CPU.ActiveCfg = Debug|Any CPU
		{8E565CF3-CFAE-4A0B-8087-70F28DA24DDE}.Debug|Any CPU.Build.0 = Debug|Any CPU
		{8E565CF3-CFAE-4A0B-8087-70F28DA24DDE}.Release|Any CPU.ActiveCfg = Release|Any CPU
		{8E565CF3-CFAE-4A0B-8087-70F28DA24DDE}.Release|Any CPU.Build.0 = Release|Any CPU
		{8EA50980-DB35-49DE-A18C-0D21D6ED387E}.Debug|Any CPU.ActiveCfg = Debug|Any CPU
		{8EA50980-DB35-49DE-A18C-0D21D6ED387E}.Debug|Any CPU.Build.0 = Debug|Any CPU
		{8EA50980-DB35-49DE-A18C-0D21D6ED387E}.Release|Any CPU.ActiveCfg = Release|Any CPU
		{8EA50980-DB35-49DE-A18C-0D21D6ED387E}.Release|Any CPU.Build.0 = Release|Any CPU
		{631A7604-38AA-4FE4-AC1C-FBD38A3B328E}.Debug|Any CPU.ActiveCfg = Debug|Any CPU
		{631A7604-38AA-4FE4-AC1C-FBD38A3B328E}.Debug|Any CPU.Build.0 = Debug|Any CPU
		{631A7604-38AA-4FE4-AC1C-FBD38A3B328E}.Release|Any CPU.ActiveCfg = Release|Any CPU
		{631A7604-38AA-4FE4-AC1C-FBD38A3B328E}.Release|Any CPU.Build.0 = Release|Any CPU
		{FC7E0DDA-6238-4CA2-A5C3-D66C1243E063}.Debug|Any CPU.ActiveCfg = Debug|Any CPU
		{FC7E0DDA-6238-4CA2-A5C3-D66C1243E063}.Debug|Any CPU.Build.0 = Debug|Any CPU
		{FC7E0DDA-6238-4CA2-A5C3-D66C1243E063}.Release|Any CPU.ActiveCfg = Release|Any CPU
		{FC7E0DDA-6238-4CA2-A5C3-D66C1243E063}.Release|Any CPU.Build.0 = Release|Any CPU
		{383AFDED-55B3-48A2-9D1B-6AF1F871799D}.Debug|Any CPU.ActiveCfg = Debug|Any CPU
		{383AFDED-55B3-48A2-9D1B-6AF1F871799D}.Debug|Any CPU.Build.0 = Debug|Any CPU
		{383AFDED-55B3-48A2-9D1B-6AF1F871799D}.Release|Any CPU.ActiveCfg = Release|Any CPU
		{383AFDED-55B3-48A2-9D1B-6AF1F871799D}.Release|Any CPU.Build.0 = Release|Any CPU
		{5C0C060E-570F-4757-AD8D-33EF19449265}.Debug|Any CPU.ActiveCfg = Debug|Any CPU
		{5C0C060E-570F-4757-AD8D-33EF19449265}.Debug|Any CPU.Build.0 = Debug|Any CPU
		{5C0C060E-570F-4757-AD8D-33EF19449265}.Release|Any CPU.ActiveCfg = Release|Any CPU
		{5C0C060E-570F-4757-AD8D-33EF19449265}.Release|Any CPU.Build.0 = Release|Any CPU
		{55790277-D68B-4B45-9C94-B16618EC79E5}.Debug|Any CPU.ActiveCfg = Debug|Any CPU
		{55790277-D68B-4B45-9C94-B16618EC79E5}.Debug|Any CPU.Build.0 = Debug|Any CPU
		{55790277-D68B-4B45-9C94-B16618EC79E5}.Release|Any CPU.ActiveCfg = Release|Any CPU
		{55790277-D68B-4B45-9C94-B16618EC79E5}.Release|Any CPU.Build.0 = Release|Any CPU
		{F6B71D6C-3E07-4BB5-97E8-004FD82F5F3D}.Debug|Any CPU.ActiveCfg = Debug|Any CPU
		{F6B71D6C-3E07-4BB5-97E8-004FD82F5F3D}.Debug|Any CPU.Build.0 = Debug|Any CPU
		{F6B71D6C-3E07-4BB5-97E8-004FD82F5F3D}.Release|Any CPU.ActiveCfg = Release|Any CPU
		{F6B71D6C-3E07-4BB5-97E8-004FD82F5F3D}.Release|Any CPU.Build.0 = Release|Any CPU
		{A9CB6DC2-1F3E-40C5-879A-F81866AF38B6}.Debug|Any CPU.ActiveCfg = Debug|Any CPU
		{A9CB6DC2-1F3E-40C5-879A-F81866AF38B6}.Debug|Any CPU.Build.0 = Debug|Any CPU
		{A9CB6DC2-1F3E-40C5-879A-F81866AF38B6}.Release|Any CPU.ActiveCfg = Release|Any CPU
		{A9CB6DC2-1F3E-40C5-879A-F81866AF38B6}.Release|Any CPU.Build.0 = Release|Any CPU
		{77DBADA0-48DD-4993-9F99-8864FEF7D19E}.Debug|Any CPU.ActiveCfg = Debug|Any CPU
		{77DBADA0-48DD-4993-9F99-8864FEF7D19E}.Debug|Any CPU.Build.0 = Debug|Any CPU
		{77DBADA0-48DD-4993-9F99-8864FEF7D19E}.Release|Any CPU.ActiveCfg = Release|Any CPU
		{77DBADA0-48DD-4993-9F99-8864FEF7D19E}.Release|Any CPU.Build.0 = Release|Any CPU
		{9287D22E-651C-4D43-9564-6148752AB634}.Debug|Any CPU.ActiveCfg = Debug|Any CPU
		{9287D22E-651C-4D43-9564-6148752AB634}.Debug|Any CPU.Build.0 = Debug|Any CPU
		{9287D22E-651C-4D43-9564-6148752AB634}.Release|Any CPU.ActiveCfg = Release|Any CPU
		{9287D22E-651C-4D43-9564-6148752AB634}.Release|Any CPU.Build.0 = Release|Any CPU
		{2936EAD9-088E-4625-9398-659A955062BC}.Debug|Any CPU.ActiveCfg = Debug|Any CPU
		{2936EAD9-088E-4625-9398-659A955062BC}.Debug|Any CPU.Build.0 = Debug|Any CPU
		{2936EAD9-088E-4625-9398-659A955062BC}.Release|Any CPU.ActiveCfg = Release|Any CPU
		{2936EAD9-088E-4625-9398-659A955062BC}.Release|Any CPU.Build.0 = Release|Any CPU
		{1D4EF590-F29E-43B8-9B7C-D2BBC314A4E4}.Debug|Any CPU.ActiveCfg = Debug|Any CPU
		{1D4EF590-F29E-43B8-9B7C-D2BBC314A4E4}.Debug|Any CPU.Build.0 = Debug|Any CPU
		{1D4EF590-F29E-43B8-9B7C-D2BBC314A4E4}.Release|Any CPU.ActiveCfg = Release|Any CPU
		{1D4EF590-F29E-43B8-9B7C-D2BBC314A4E4}.Release|Any CPU.Build.0 = Release|Any CPU
		{DB1A7418-94B1-45BE-9727-F2D398A912E3}.Debug|Any CPU.ActiveCfg = Debug|Any CPU
		{DB1A7418-94B1-45BE-9727-F2D398A912E3}.Debug|Any CPU.Build.0 = Debug|Any CPU
		{DB1A7418-94B1-45BE-9727-F2D398A912E3}.Release|Any CPU.ActiveCfg = Release|Any CPU
		{DB1A7418-94B1-45BE-9727-F2D398A912E3}.Release|Any CPU.Build.0 = Release|Any CPU
		{3875FC7E-AD41-49D6-8AF1-B45462F3D5C6}.Debug|Any CPU.ActiveCfg = Debug|Any CPU
		{3875FC7E-AD41-49D6-8AF1-B45462F3D5C6}.Debug|Any CPU.Build.0 = Debug|Any CPU
		{3875FC7E-AD41-49D6-8AF1-B45462F3D5C6}.Release|Any CPU.ActiveCfg = Release|Any CPU
		{3875FC7E-AD41-49D6-8AF1-B45462F3D5C6}.Release|Any CPU.Build.0 = Release|Any CPU
		{97809098-B744-4811-B433-A39D496EB102}.Debug|Any CPU.ActiveCfg = Debug|Any CPU
		{97809098-B744-4811-B433-A39D496EB102}.Debug|Any CPU.Build.0 = Debug|Any CPU
		{97809098-B744-4811-B433-A39D496EB102}.Release|Any CPU.ActiveCfg = Release|Any CPU
		{97809098-B744-4811-B433-A39D496EB102}.Release|Any CPU.Build.0 = Release|Any CPU
		{F01BB9A8-E272-4566-A3A7-E9F00DF077F8}.Debug|Any CPU.ActiveCfg = Debug|Any CPU
		{F01BB9A8-E272-4566-A3A7-E9F00DF077F8}.Debug|Any CPU.Build.0 = Debug|Any CPU
		{F01BB9A8-E272-4566-A3A7-E9F00DF077F8}.Release|Any CPU.ActiveCfg = Release|Any CPU
		{F01BB9A8-E272-4566-A3A7-E9F00DF077F8}.Release|Any CPU.Build.0 = Release|Any CPU
	EndGlobalSection
	GlobalSection(SolutionProperties) = preSolution
		HideSolutionNode = FALSE
	EndGlobalSection
	GlobalSection(NestedProjects) = preSolution
		{978D7E5A-7F69-4CCC-814D-DAF539DA76A5} = {2F465E0F-3055-441C-BCAB-EBB16B676A74}
		{AD9F0E34-AD69-4038-B71F-D823CD50EDFC} = {978D7E5A-7F69-4CCC-814D-DAF539DA76A5}
		{3EC2962C-5335-424A-ADDC-83759217E584} = {2F465E0F-3055-441C-BCAB-EBB16B676A74}
		{92C30E69-E900-47CA-BEB5-48389D0F527D} = {3EC2962C-5335-424A-ADDC-83759217E584}
		{CDF59CC7-3181-4DB1-BAAC-315FCCF5742E} = {3EC2962C-5335-424A-ADDC-83759217E584}
		{6F0D2F20-CA65-4004-988B-1F4448B957DE} = {2F465E0F-3055-441C-BCAB-EBB16B676A74}
		{FC75662C-362C-4290-9E9F-435440FF173F} = {6F0D2F20-CA65-4004-988B-1F4448B957DE}
		{216D47D5-72EA-4FE3-86B9-5E219B158515} = {6F0D2F20-CA65-4004-988B-1F4448B957DE}
		{7B84AB6C-973E-4332-8AB8-AA09376DA989} = {DE5B0834-A82B-45FF-B922-AE87EFA0AB73}
		{FD4CE527-61AF-41AA-98F1-52423F62F9B3} = {7B84AB6C-973E-4332-8AB8-AA09376DA989}
		{754FF077-CF88-47CD-A782-CB0FB262ED04} = {DE5B0834-A82B-45FF-B922-AE87EFA0AB73}
		{87C2AE1A-2D5D-4983-B579-B748B0480AD5} = {754FF077-CF88-47CD-A782-CB0FB262ED04}
		{7495662E-8D5C-4ECF-BF4D-4FE05EF8DE0C} = {DE5B0834-A82B-45FF-B922-AE87EFA0AB73}
		{1BB39C42-EF6E-4E89-81D4-673FB0474819} = {7495662E-8D5C-4ECF-BF4D-4FE05EF8DE0C}
		{4926D2D9-9483-4D99-8ADD-A0318C19C568} = {754FF077-CF88-47CD-A782-CB0FB262ED04}
		{F0E135F9-F12F-4614-A6B9-250628884CA7} = {7495662E-8D5C-4ECF-BF4D-4FE05EF8DE0C}
		{422EA80C-B3E6-4644-877A-1DABE18B92C1} = {BC5C9211-9176-4CBD-A6D5-52E847C63A8D}
		{8A8FFC95-182B-406D-9E52-0BE9E536BC28} = {422EA80C-B3E6-4644-877A-1DABE18B92C1}
		{5003BC41-E7F6-410C-833D-A394C4FBF835} = {BC5C9211-9176-4CBD-A6D5-52E847C63A8D}
		{778C8F15-D10B-4388-882E-3835B36F1536} = {5003BC41-E7F6-410C-833D-A394C4FBF835}
		{7E974133-761B-4E88-9199-1011BD28B263} = {5003BC41-E7F6-410C-833D-A394C4FBF835}
		{854CC551-9863-4C57-A372-D80A9176EB2C} = {BC5C9211-9176-4CBD-A6D5-52E847C63A8D}
		{22018DDD-A21C-4B0A-9892-BCCBFDD84AF0} = {854CC551-9863-4C57-A372-D80A9176EB2C}
		{9F3E73E5-A762-42C7-B334-46A57960B749} = {854CC551-9863-4C57-A372-D80A9176EB2C}
		{7BB85D21-009A-4AC0-A9FC-6DC9C48F18DA} = {9675F12C-8FEF-4697-B538-CAB62FF7F484}
		{5501EF2F-7C32-43B5-979B-18A8F6DC9E36} = {9675F12C-8FEF-4697-B538-CAB62FF7F484}
		{F62601F4-1363-4BEF-AEAE-B21701EE3D23} = {9675F12C-8FEF-4697-B538-CAB62FF7F484}
		{BE69E0AF-F130-48D0-9452-62CFA2EF8858} = {7BB85D21-009A-4AC0-A9FC-6DC9C48F18DA}
		{DF12B981-DFE6-4A51-BE83-50B91FAAE764} = {5501EF2F-7C32-43B5-979B-18A8F6DC9E36}
		{A4DBC0A6-D35C-4037-AD9D-808EF5D31420} = {5501EF2F-7C32-43B5-979B-18A8F6DC9E36}
		{8E565CF3-CFAE-4A0B-8087-70F28DA24DDE} = {F62601F4-1363-4BEF-AEAE-B21701EE3D23}
		{8EA50980-DB35-49DE-A18C-0D21D6ED387E} = {F62601F4-1363-4BEF-AEAE-B21701EE3D23}
		{017B24AF-5522-4D1C-A03F-0F0489125DFD} = {F90C8AA7-91E6-4CD1-8DD6-A1E902AEF46D}
		{D59AD024-BC7D-407A-9550-18EBB3F3D124} = {F90C8AA7-91E6-4CD1-8DD6-A1E902AEF46D}
		{CA7D1B26-BA16-4DE0-BF23-45B0ADA2559A} = {F90C8AA7-91E6-4CD1-8DD6-A1E902AEF46D}
		{631A7604-38AA-4FE4-AC1C-FBD38A3B328E} = {017B24AF-5522-4D1C-A03F-0F0489125DFD}
		{FC7E0DDA-6238-4CA2-A5C3-D66C1243E063} = {CA7D1B26-BA16-4DE0-BF23-45B0ADA2559A}
		{383AFDED-55B3-48A2-9D1B-6AF1F871799D} = {CA7D1B26-BA16-4DE0-BF23-45B0ADA2559A}
		{5C0C060E-570F-4757-AD8D-33EF19449265} = {D59AD024-BC7D-407A-9550-18EBB3F3D124}
		{55790277-D68B-4B45-9C94-B16618EC79E5} = {D59AD024-BC7D-407A-9550-18EBB3F3D124}
		{7F3C74F5-EB0A-419E-9B16-A51B1BFDC402} = {E77FCB1E-F8CD-4C5E-BC7F-C1E571FB63B5}
		{F6B71D6C-3E07-4BB5-97E8-004FD82F5F3D} = {7F3C74F5-EB0A-419E-9B16-A51B1BFDC402}
		{B309513B-F313-4A66-984C-777292ED17F9} = {E77FCB1E-F8CD-4C5E-BC7F-C1E571FB63B5}
		{A9CB6DC2-1F3E-40C5-879A-F81866AF38B6} = {B309513B-F313-4A66-984C-777292ED17F9}
		{77DBADA0-48DD-4993-9F99-8864FEF7D19E} = {B309513B-F313-4A66-984C-777292ED17F9}
		{3D0179F8-1560-451A-A7FF-2705C2894A53} = {E77FCB1E-F8CD-4C5E-BC7F-C1E571FB63B5}
		{9287D22E-651C-4D43-9564-6148752AB634} = {3D0179F8-1560-451A-A7FF-2705C2894A53}
		{2936EAD9-088E-4625-9398-659A955062BC} = {3D0179F8-1560-451A-A7FF-2705C2894A53}
		{1D4EF590-F29E-43B8-9B7C-D2BBC314A4E4} = {6F0D2F20-CA65-4004-988B-1F4448B957DE}
		{DB1A7418-94B1-45BE-9727-F2D398A912E3} = {6F0D2F20-CA65-4004-988B-1F4448B957DE}
		{F2130814-BA89-4D1A-B247-B2617C9CC68D} = {9675F12C-8FEF-4697-B538-CAB62FF7F484}
		{3875FC7E-AD41-49D6-8AF1-B45462F3D5C6} = {F2130814-BA89-4D1A-B247-B2617C9CC68D}
		{2309D520-F708-42AC-A952-A22D662DD3E0} = {BC5C9211-9176-4CBD-A6D5-52E847C63A8D}
		{97809098-B744-4811-B433-A39D496EB102} = {2309D520-F708-42AC-A952-A22D662DD3E0}
		{7B6781B2-8478-474A-8BF0-882E2E95AD04} = {2F465E0F-3055-441C-BCAB-EBB16B676A74}
		{F01BB9A8-E272-4566-A3A7-E9F00DF077F8} = {7B6781B2-8478-474A-8BF0-882E2E95AD04}
	EndGlobalSection
	GlobalSection(ExtensibilityGlobals) = postSolution
		SolutionGuid = {E5EFC193-1AF8-44E6-8937-00A6F709052A}
	EndGlobalSection
EndGlobal
